
Microsoft Visual Studio Solution File, Format Version 12.00
# Visual Studio Version 17
VisualStudioVersion = 17.14.36221.1 d17.14
MinimumVisualStudioVersion = 10.0.40219.1
Project("{FAE04EC0-301F-11D3-BF4B-00C04F79EFBC}") = "SupabaseApp", "SupabaseApp\SupabaseApp.csproj", "{0B657BAC-9F19-4936-B657-B29038153DED}"
EndProject
Global
	GlobalSection(SolutionConfigurationPlatforms) = preSolution
		Debug|Any CPU = Debug|Any CPU
		Release|Any CPU = Release|Any CPU
	EndGlobalSection
	GlobalSection(ProjectConfigurationPlatforms) = postSolution
		{0B657BAC-9F19-4936-B657-B29038153DED}.Debug|Any CPU.ActiveCfg = Debug|Any CPU
		{0B657BAC-9F19-4936-B657-B29038153DED}.Debug|Any CPU.Build.0 = Debug|Any CPU
		{0B657BAC-9F19-4936-B657-B29038153DED}.Release|Any CPU.ActiveCfg = Release|Any CPU
		{0B657BAC-9F19-4936-B657-B29038153DED}.Release|Any CPU.Build.0 = Release|Any CPU
	EndGlobalSection
	GlobalSection(SolutionProperties) = preSolution
		HideSolutionNode = FALSE
	EndGlobalSection
	GlobalSection(ExtensibilityGlobals) = postSolution
		SolutionGuid = {97757E7E-E86E-40D9-9497-83A55B98EF92}
	EndGlobalSection
EndGlobal
